
Microsoft Visual Studio Solution File, Format Version 12.00
Project("{FAE04EC0-301F-11D3-BF4B-00C04F79EFBC}") = "ERPSystem", "ERPSystem\ERPSystem\ERPSystem.csproj", "{BAB9350D-2A74-4103-AED7-18FC25B84F33}"
EndProject
Project("{FAE04EC0-301F-11D3-BF4B-00C04F79EFBC}") = "ERPSystem.Client", "ERPSystem\ERPSystem.Client\ERPSystem.Client.csproj", "{D6E79208-8C50-4C6A-8C02-FA060A753C74}"
EndProject
Global
	GlobalSection(SolutionConfigurationPlatforms) = preSolution
		Debug|Any CPU = Debug|Any CPU
		Release|Any CPU = Release|Any CPU
	EndGlobalSection
	GlobalSection(ProjectConfigurationPlatforms) = postSolution
		{BAB9350D-2A74-4103-AED7-18FC25B84F33}.Debug|Any CPU.ActiveCfg = Debug|Any CPU
		{BAB9350D-2A74-4103-AED7-18FC25B84F33}.Debug|Any CPU.Build.0 = Debug|Any CPU
		{BAB9350D-2A74-4103-AED7-18FC25B84F33}.Release|Any CPU.ActiveCfg = Release|Any CPU
		{BAB9350D-2A74-4103-AED7-18FC25B84F33}.Release|Any CPU.Build.0 = Release|Any CPU
		{D6E79208-8C50-4C6A-8C02-FA060A753C74}.Debug|Any CPU.ActiveCfg = Debug|Any CPU
		{D6E79208-8C50-4C6A-8C02-FA060A753C74}.Debug|Any CPU.Build.0 = Debug|Any CPU
		{D6E79208-8C50-4C6A-8C02-FA060A753C74}.Release|Any CPU.ActiveCfg = Release|Any CPU
		{D6E79208-8C50-4C6A-8C02-FA060A753C74}.Release|Any CPU.Build.0 = Release|Any CPU
	EndGlobalSection
EndGlobal
